
Microsoft Visual Studio Solution File, Format Version 12.00
# Visual Studio Version 16
VisualStudioVersion = 16.0.29519.87
MinimumVisualStudioVersion = 10.0.40219.1
Project("{FAE04EC0-301F-11D3-BF4B-00C04F79EFBC}") = "Client", "Client\Client.csproj", "{D4ADD490-783D-4A8F-BD87-762998B42929}"
EndProject
Global
	GlobalSection(SolutionConfigurationPlatforms) = preSolution
		Debug|Any CPU = Debug|Any CPU
		Release|Any CPU = Release|Any CPU
	EndGlobalSection
	GlobalSection(ProjectConfigurationPlatforms) = postSolution
		{D4ADD490-783D-4A8F-BD87-762998B42929}.Debug|Any CPU.ActiveCfg = Debug|Any CPU
		{D4ADD490-783D-4A8F-BD87-762998B42929}.Debug|Any CPU.Build.0 = Debug|Any CPU
		{D4ADD490-783D-4A8F-BD87-762998B42929}.Release|Any CPU.ActiveCfg = Release|Any CPU
		{D4ADD490-783D-4A8F-BD87-762998B42929}.Release|Any CPU.Build.0 = Release|Any CPU
	EndGlobalSection
	GlobalSection(SolutionProperties) = preSolution
		HideSolutionNode = FALSE
	EndGlobalSection
	GlobalSection(ExtensibilityGlobals) = postSolution
		SolutionGuid = {C09699A3-46F0-4741-8048-49F58D09B005}
	EndGlobalSection
EndGlobal
